
Microsoft Visual Studio Solution File, Format Version 12.00
# Visual Studio Version 17
VisualStudioVersion = 17.10.35027.167
MinimumVisualStudioVersion = 10.0.40219.1
Project("{9A19103F-16F7-4668-BE54-9A1E7A4F7556}") = "01_Factory_Method", "1_Factory_Method\01_Factory_Method.csproj", "{462B5317-8982-4BC4-B8D5-7D0D57F423D2}"
EndProject
Project("{9A19103F-16F7-4668-BE54-9A1E7A4F7556}") = "02_Prototype", "2_Prototype\02_Prototype.csproj", "{065C3410-A886-4431-A53F-7198429570AD}"
EndProject
Project("{9A19103F-16F7-4668-BE54-9A1E7A4F7556}") = "03_Abstract_Factory", "3_Abstract_Factory\03_Abstract_Factory.csproj", "{FB938191-15B9-44BB-8A2B-4FF0A1EF811E}"
EndProject
Project("{9A19103F-16F7-4668-BE54-9A1E7A4F7556}") = "04_Singleton", "4_Singleton\04_Singleton.csproj", "{E9562587-B129-443B-BC50-3F5EC7D560FC}"
EndProject
Project("{9A19103F-16F7-4668-BE54-9A1E7A4F7556}") = "05_Builder", "5_Builder\05_Builder.csproj", "{46348B88-8061-4F68-9FA8-99D6B6783D6A}"
EndProject
Project("{9A19103F-16F7-4668-BE54-9A1E7A4F7556}") = "06_Adapter", "6_Adapter\06_Adapter.csproj", "{AA87202C-D73D-476A-9D67-0D3017D227E3}"
EndProject
Project("{9A19103F-16F7-4668-BE54-9A1E7A4F7556}") = "07_Composite", "7_Composite\07_Composite.csproj", "{EB679A34-EDEB-486C-8B89-D117A1615C64}"
EndProject
Project("{9A19103F-16F7-4668-BE54-9A1E7A4F7556}") = "08_Bridge", "8_Bridge\08_Bridge.csproj", "{E8CC6361-F555-4341-822A-52D87E083BB8}"
EndProject
Project("{9A19103F-16F7-4668-BE54-9A1E7A4F7556}") = "09_Decorator", "9_Decorator\09_Decorator.csproj", "{E8FCF201-687D-44C3-8CE7-ADCBDBFD487C}"
EndProject
Project("{9A19103F-16F7-4668-BE54-9A1E7A4F7556}") = "10_Facade", "10_Facade\10_Facade.csproj", "{0E9764C1-26CC-4F54-8B72-7350CE54B16F}"
EndProject
Project("{9A19103F-16F7-4668-BE54-9A1E7A4F7556}") = "11_Flyweight", "11_Flyweight\11_Flyweight.csproj", "{10AD5578-E48D-4DEF-9A23-3CD1B57868C2}"
EndProject
Project("{9A19103F-16F7-4668-BE54-9A1E7A4F7556}") = "12_Proxy", "12_Proxy\12_Proxy.csproj", "{6CFF3ED5-9F15-43A4-877F-B69363CA4600}"
EndProject
Project("{9A19103F-16F7-4668-BE54-9A1E7A4F7556}") = "13_ChainOfResponsibility", "13_ChainOfResponsibility\13_ChainOfResponsibility.csproj", "{7009C427-5A9F-40B8-9840-66E5A3F04FAE}"
EndProject
Project("{FAE04EC0-301F-11D3-BF4B-00C04F79EFBC}") = "14_Command", "14_Command\14_Command.csproj", "{1CBBE6B0-3E57-49D7-91C8-05548B9F7A03}"
EndProject
Project("{FAE04EC0-301F-11D3-BF4B-00C04F79EFBC}") = "15_Mediator", "15_Mediator\15_Mediator.csproj", "{CCDF79D7-CF9B-42AA-88B2-70A25AA8A062}"
EndProject
Project("{FAE04EC0-301F-11D3-BF4B-00C04F79EFBC}") = "16_Iterator", "16_Iterator\16_Iterator.csproj", "{1E1B3DA1-5B97-4397-A477-95808D383D09}"
EndProject
Project("{FAE04EC0-301F-11D3-BF4B-00C04F79EFBC}") = "17_Memento", "17_Memento\17_Memento.csproj", "{A9BD2C81-1268-4DF5-A6AB-228BE9768472}"
EndProject
Project("{FAE04EC0-301F-11D3-BF4B-00C04F79EFBC}") = "18_Observer", "18_Observer\18_Observer.csproj", "{E759C950-FF27-45D2-923A-F53A54F26953}"
EndProject
Project("{FAE04EC0-301F-11D3-BF4B-00C04F79EFBC}") = "19_State", "19_State\19_State.csproj", "{F422A28D-4E6F-446A-A2AB-4861ACB1C75E}"
EndProject
Global
	GlobalSection(SolutionConfigurationPlatforms) = preSolution
		Debug|Any CPU = Debug|Any CPU
		Release|Any CPU = Release|Any CPU
	EndGlobalSection
	GlobalSection(ProjectConfigurationPlatforms) = postSolution
		{462B5317-8982-4BC4-B8D5-7D0D57F423D2}.Debug|Any CPU.ActiveCfg = Debug|Any CPU
		{462B5317-8982-4BC4-B8D5-7D0D57F423D2}.Debug|Any CPU.Build.0 = Debug|Any CPU
		{462B5317-8982-4BC4-B8D5-7D0D57F423D2}.Release|Any CPU.ActiveCfg = Release|Any CPU
		{462B5317-8982-4BC4-B8D5-7D0D57F423D2}.Release|Any CPU.Build.0 = Release|Any CPU
		{065C3410-A886-4431-A53F-7198429570AD}.Debug|Any CPU.ActiveCfg = Debug|Any CPU
		{065C3410-A886-4431-A53F-7198429570AD}.Debug|Any CPU.Build.0 = Debug|Any CPU
		{065C3410-A886-4431-A53F-7198429570AD}.Release|Any CPU.ActiveCfg = Release|Any CPU
		{065C3410-A886-4431-A53F-7198429570AD}.Release|Any CPU.Build.0 = Release|Any CPU
		{FB938191-15B9-44BB-8A2B-4FF0A1EF811E}.Debug|Any CPU.ActiveCfg = Debug|Any CPU
		{FB938191-15B9-44BB-8A2B-4FF0A1EF811E}.Debug|Any CPU.Build.0 = Debug|Any CPU
		{FB938191-15B9-44BB-8A2B-4FF0A1EF811E}.Release|Any CPU.ActiveCfg = Release|Any CPU
		{FB938191-15B9-44BB-8A2B-4FF0A1EF811E}.Release|Any CPU.Build.0 = Release|Any CPU
		{E9562587-B129-443B-BC50-3F5EC7D560FC}.Debug|Any CPU.ActiveCfg = Debug|Any CPU
		{E9562587-B129-443B-BC50-3F5EC7D560FC}.Debug|Any CPU.Build.0 = Debug|Any CPU
		{E9562587-B129-443B-BC50-3F5EC7D560FC}.Release|Any CPU.ActiveCfg = Release|Any CPU
		{E9562587-B129-443B-BC50-3F5EC7D560FC}.Release|Any CPU.Build.0 = Release|Any CPU
		{46348B88-8061-4F68-9FA8-99D6B6783D6A}.Debug|Any CPU.ActiveCfg = Debug|Any CPU
		{46348B88-8061-4F68-9FA8-99D6B6783D6A}.Debug|Any CPU.Build.0 = Debug|Any CPU
		{46348B88-8061-4F68-9FA8-99D6B6783D6A}.Release|Any CPU.ActiveCfg = Release|Any CPU
		{46348B88-8061-4F68-9FA8-99D6B6783D6A}.Release|Any CPU.Build.0 = Release|Any CPU
		{AA87202C-D73D-476A-9D67-0D3017D227E3}.Debug|Any CPU.ActiveCfg = Debug|Any CPU
		{AA87202C-D73D-476A-9D67-0D3017D227E3}.Debug|Any CPU.Build.0 = Debug|Any CPU
		{AA87202C-D73D-476A-9D67-0D3017D227E3}.Release|Any CPU.ActiveCfg = Release|Any CPU
		{AA87202C-D73D-476A-9D67-0D3017D227E3}.Release|Any CPU.Build.0 = Release|Any CPU
		{EB679A34-EDEB-486C-8B89-D117A1615C64}.Debug|Any CPU.ActiveCfg = Debug|Any CPU
		{EB679A34-EDEB-486C-8B89-D117A1615C64}.Debug|Any CPU.Build.0 = Debug|Any CPU
		{EB679A34-EDEB-486C-8B89-D117A1615C64}.Release|Any CPU.ActiveCfg = Release|Any CPU
		{EB679A34-EDEB-486C-8B89-D117A1615C64}.Release|Any CPU.Build.0 = Release|Any CPU
		{E8CC6361-F555-4341-822A-52D87E083BB8}.Debug|Any CPU.ActiveCfg = Debug|Any CPU
		{E8CC6361-F555-4341-822A-52D87E083BB8}.Debug|Any CPU.Build.0 = Debug|Any CPU
		{E8CC6361-F555-4341-822A-52D87E083BB8}.Release|Any CPU.ActiveCfg = Release|Any CPU
		{E8CC6361-F555-4341-822A-52D87E083BB8}.Release|Any CPU.Build.0 = Release|Any CPU
		{E8FCF201-687D-44C3-8CE7-ADCBDBFD487C}.Debug|Any CPU.ActiveCfg = Debug|Any CPU
		{E8FCF201-687D-44C3-8CE7-ADCBDBFD487C}.Debug|Any CPU.Build.0 = Debug|Any CPU
		{E8FCF201-687D-44C3-8CE7-ADCBDBFD487C}.Release|Any CPU.ActiveCfg = Release|Any CPU
		{E8FCF201-687D-44C3-8CE7-ADCBDBFD487C}.Release|Any CPU.Build.0 = Release|Any CPU
		{0E9764C1-26CC-4F54-8B72-7350CE54B16F}.Debug|Any CPU.ActiveCfg = Debug|Any CPU
		{0E9764C1-26CC-4F54-8B72-7350CE54B16F}.Debug|Any CPU.Build.0 = Debug|Any CPU
		{0E9764C1-26CC-4F54-8B72-7350CE54B16F}.Release|Any CPU.ActiveCfg = Release|Any CPU
		{0E9764C1-26CC-4F54-8B72-7350CE54B16F}.Release|Any CPU.Build.0 = Release|Any CPU
		{10AD5578-E48D-4DEF-9A23-3CD1B57868C2}.Debug|Any CPU.ActiveCfg = Debug|Any CPU
		{10AD5578-E48D-4DEF-9A23-3CD1B57868C2}.Debug|Any CPU.Build.0 = Debug|Any CPU
		{10AD5578-E48D-4DEF-9A23-3CD1B57868C2}.Release|Any CPU.ActiveCfg = Release|Any CPU
		{10AD5578-E48D-4DEF-9A23-3CD1B57868C2}.Release|Any CPU.Build.0 = Release|Any CPU
		{6CFF3ED5-9F15-43A4-877F-B69363CA4600}.Debug|Any CPU.ActiveCfg = Debug|Any CPU
		{6CFF3ED5-9F15-43A4-877F-B69363CA4600}.Debug|Any CPU.Build.0 = Debug|Any CPU
		{6CFF3ED5-9F15-43A4-877F-B69363CA4600}.Release|Any CPU.ActiveCfg = Release|Any CPU
		{6CFF3ED5-9F15-43A4-877F-B69363CA4600}.Release|Any CPU.Build.0 = Release|Any CPU
		{7009C427-5A9F-40B8-9840-66E5A3F04FAE}.Debug|Any CPU.ActiveCfg = Debug|Any CPU
		{7009C427-5A9F-40B8-9840-66E5A3F04FAE}.Debug|Any CPU.Build.0 = Debug|Any CPU
		{7009C427-5A9F-40B8-9840-66E5A3F04FAE}.Release|Any CPU.ActiveCfg = Release|Any CPU
		{7009C427-5A9F-40B8-9840-66E5A3F04FAE}.Release|Any CPU.Build.0 = Release|Any CPU
		{1CBBE6B0-3E57-49D7-91C8-05548B9F7A03}.Debug|Any CPU.ActiveCfg = Debug|Any CPU
		{1CBBE6B0-3E57-49D7-91C8-05548B9F7A03}.Debug|Any CPU.Build.0 = Debug|Any CPU
		{1CBBE6B0-3E57-49D7-91C8-05548B9F7A03}.Release|Any CPU.ActiveCfg = Release|Any CPU
		{1CBBE6B0-3E57-49D7-91C8-05548B9F7A03}.Release|Any CPU.Build.0 = Release|Any CPU
		{CCDF79D7-CF9B-42AA-88B2-70A25AA8A062}.Debug|Any CPU.ActiveCfg = Debug|Any CPU
		{CCDF79D7-CF9B-42AA-88B2-70A25AA8A062}.Debug|Any CPU.Build.0 = Debug|Any CPU
		{CCDF79D7-CF9B-42AA-88B2-70A25AA8A062}.Release|Any CPU.ActiveCfg = Release|Any CPU
		{CCDF79D7-CF9B-42AA-88B2-70A25AA8A062}.Release|Any CPU.Build.0 = Release|Any CPU
		{1E1B3DA1-5B97-4397-A477-95808D383D09}.Debug|Any CPU.ActiveCfg = Debug|Any CPU
		{1E1B3DA1-5B97-4397-A477-95808D383D09}.Debug|Any CPU.Build.0 = Debug|Any CPU
		{1E1B3DA1-5B97-4397-A477-95808D383D09}.Release|Any CPU.ActiveCfg = Release|Any CPU
		{1E1B3DA1-5B97-4397-A477-95808D383D09}.Release|Any CPU.Build.0 = Release|Any CPU
		{A9BD2C81-1268-4DF5-A6AB-228BE9768472}.Debug|Any CPU.ActiveCfg = Debug|Any CPU
		{A9BD2C81-1268-4DF5-A6AB-228BE9768472}.Debug|Any CPU.Build.0 = Debug|Any CPU
		{A9BD2C81-1268-4DF5-A6AB-228BE9768472}.Release|Any CPU.ActiveCfg = Release|Any CPU
		{A9BD2C81-1268-4DF5-A6AB-228BE9768472}.Release|Any CPU.Build.0 = Release|Any CPU
		{E759C950-FF27-45D2-923A-F53A54F26953}.Debug|Any CPU.ActiveCfg = Debug|Any CPU
		{E759C950-FF27-45D2-923A-F53A54F26953}.Debug|Any CPU.Build.0 = Debug|Any CPU
		{E759C950-FF27-45D2-923A-F53A54F26953}.Release|Any CPU.ActiveCfg = Release|Any CPU
		{E759C950-FF27-45D2-923A-F53A54F26953}.Release|Any CPU.Build.0 = Release|Any CPU
		{F422A28D-4E6F-446A-A2AB-4861ACB1C75E}.Debug|Any CPU.ActiveCfg = Debug|Any CPU
		{F422A28D-4E6F-446A-A2AB-4861ACB1C75E}.Debug|Any CPU.Build.0 = Debug|Any CPU
		{F422A28D-4E6F-446A-A2AB-4861ACB1C75E}.Release|Any CPU.ActiveCfg = Release|Any CPU
		{F422A28D-4E6F-446A-A2AB-4861ACB1C75E}.Release|Any CPU.Build.0 = Release|Any CPU
	EndGlobalSection
	GlobalSection(SolutionProperties) = preSolution
		HideSolutionNode = FALSE
	EndGlobalSection
	GlobalSection(ExtensibilityGlobals) = postSolution
		SolutionGuid = {76B0F094-1DCD-4D88-88B6-B24F3D11016A}
	EndGlobalSection
EndGlobal
